lockfileVersion: 5.4

specifiers:
  '@types/node': ^12.7.1
  typescript: ^3.5.2

devDependencies:
  '@types/node': 12.20.55
  typescript: 3.9.10

packages:

  /@types/node/12.20.55:
    resolution: {integrity: sha512-J8xLz7q2OFulZ2cyGTLE1TbbZcjpno7FaN6zdJNrgAdrJ+DZzh/uFR6YrTb4C+nXakvud8Q4+rbhoIWlYQbUFQ==, tarball: '@types/node/-/@types/node-12.20.55/c329cbd434c42164f846b909bd6f85b5537f6240.tgz'}
    dev: true

  /typescript/3.9.10:
    resolution: {integrity: sha512-w6fIxVE/H1PkLKcCPsFqKE7Kv7QUwhU8qQY2MueZXWx5cPZdwFupLgKK3vntcK98BtNHZtAF4LA/yl2a7k8R6Q==, tarball: typescript/-/typescript-3.9.10/70f3910ac7a51ed6bef79da7800690b19bf778b8.tgz}
    engines: {node: '>=4.2.0'}
    hasBin: true
    dev: true
